
Microsoft Visual Studio Solution File, Format Version 12.00
# Visual Studio Version 17
VisualStudioVersion = 17.4.33213.308
MinimumVisualStudioVersion = 10.0.40219.1
Project("{FAE04EC0-301F-11D3-BF4B-00C04F79EFBC}") = "WEB-Project", "WEB-Project.csproj", "{806E497A-BD01-4BC0-928C-05615C8A5CAF}"
EndProject
Global
	GlobalSection(SolutionConfigurationPlatforms) = preSolution
		Debug|Any CPU = Debug|Any CPU
		Release|Any CPU = Release|Any CPU
	EndGlobalSection
	GlobalSection(ProjectConfigurationPlatforms) = postSolution
		{806E497A-BD01-4BC0-928C-05615C8A5CAF}.Debug|Any CPU.ActiveCfg = Debug|Any CPU
		{806E497A-BD01-4BC0-928C-05615C8A5CAF}.Debug|Any CPU.Build.0 = Debug|Any CPU
		{806E497A-BD01-4BC0-928C-05615C8A5CAF}.Release|Any CPU.ActiveCfg = Release|Any CPU
		{806E497A-BD01-4BC0-928C-05615C8A5CAF}.Release|Any CPU.Build.0 = Release|Any CPU
	EndGlobalSection
	GlobalSection(SolutionProperties) = preSolution
		HideSolutionNode = FALSE
	EndGlobalSection
	GlobalSection(ExtensibilityGlobals) = postSolution
		SolutionGuid = {5F476EBB-F4DD-4669-BABA-B4E1A5DF1BB7}
	EndGlobalSection
EndGlobal
